
Microsoft Visual Studio Solution File, Format Version 12.00
# Visual Studio 14
VisualStudioVersion = 14.0.25420.1
MinimumVisualStudioVersion = 10.0.40219.1
Project("{FAE04EC0-301F-11D3-BF4B-00C04F79EFBC}") = "ADB2CAuthorization", "ADB2CAuthorization\ADB2CAuthorization\ADB2CAuthorization.csproj", "{E4896A31-A9A4-4A9F-9EE2-9E04B1603D84}"
EndProject
Project("{FAE04EC0-301F-11D3-BF4B-00C04F79EFBC}") = "ADB2CAuthorization.Droid", "ADB2CAuthorization\ADB2CAuthorization.Droid\ADB2CAuthorization.Droid.csproj", "{42EA8E06-E0A2-4204-8918-1C691433D77B}"
EndProject
Project("{FAE04EC0-301F-11D3-BF4B-00C04F79EFBC}") = "ADB2CAuthorization.iOS", "ADB2CAuthorization\ADB2CAuthorization.iOS\ADB2CAuthorization.iOS.csproj", "{98440AF3-CC07-49CC-8685-FF7CBF5AD2F2}"
EndProject
Project("{FAE04EC0-301F-11D3-BF4B-00C04F79EFBC}") = "ADB2CAuthorization.UWP", "ADB2CAuthorization\ADB2CAuthorization.UWP\ADB2CAuthorization.UWP.csproj", "{671AD290-F973-4732-A483-C98309B7351D}"
EndProject
Project("{FAE04EC0-301F-11D3-BF4B-00C04F79EFBC}") = "MSAL.PCL", "MSAL\MSAL.PCL\MSAL.PCL.csproj", "{F208F2C6-E36A-47B0-952E-4E5F1FD4619A}"
EndProject
Project("{FAE04EC0-301F-11D3-BF4B-00C04F79EFBC}") = "MSAL.PCL.CoreCLR", "MSAL\MSAL.PCL.CoreCLR\MSAL.PCL.CoreCLR.csproj", "{964E25ED-103E-4D1D-83A4-4AC3832B31E2}"
EndProject
Project("{FAE04EC0-301F-11D3-BF4B-00C04F79EFBC}") = "MSAL.PCL.Android", "MSAL\MSAL.PCL.Android\MSAL.PCL.Android.csproj", "{5249DB76-4BD5-4094-B6CA-E5CB1F8BDDD3}"
EndProject
Project("{FAE04EC0-301F-11D3-BF4B-00C04F79EFBC}") = "MSAL.PCL.Desktop", "MSAL\MSAL.PCL.Desktop\MSAL.PCL.Desktop.csproj", "{8E6AF446-E57A-4B86-870C-B0348A399628}"
EndProject
Project("{FAE04EC0-301F-11D3-BF4B-00C04F79EFBC}") = "MSAL.PCL.iOS", "MSAL\MSAL.PCL.iOS\MSAL.PCL.iOS.csproj", "{1753FCFC-9620-4821-9B8D-92AEFB017DF9}"
EndProject
Project("{FAE04EC0-301F-11D3-BF4B-00C04F79EFBC}") = "MSAL.PCL.WinRT", "MSAL\MSAL.PCL.WinRT\MSAL.PCL.WinRT.csproj", "{39EEF067-7EB5-446B-A93A-9CD47C53B413}"
EndProject
Global
	GlobalSection(SolutionConfigurationPlatforms) = preSolution
		Ad-Hoc|Any CPU = Ad-Hoc|Any CPU
		Ad-Hoc|ARM = Ad-Hoc|ARM
		Ad-Hoc|iPhone = Ad-Hoc|iPhone
		Ad-Hoc|iPhoneSimulator = Ad-Hoc|iPhoneSimulator
		Ad-Hoc|x64 = Ad-Hoc|x64
		Ad-Hoc|x86 = Ad-Hoc|x86
		AppStore|Any CPU = AppStore|Any CPU
		AppStore|ARM = AppStore|ARM
		AppStore|iPhone = AppStore|iPhone
		AppStore|iPhoneSimulator = AppStore|iPhoneSimulator
		AppStore|x64 = AppStore|x64
		AppStore|x86 = AppStore|x86
		Debug|Any CPU = Debug|Any CPU
		Debug|ARM = Debug|ARM
		Debug|iPhone = Debug|iPhone
		Debug|iPhoneSimulator = Debug|iPhoneSimulator
		Debug|x64 = Debug|x64
		Debug|x86 = Debug|x86
		Release|Any CPU = Release|Any CPU
		Release|ARM = Release|ARM
		Release|iPhone = Release|iPhone
		Release|iPhoneSimulator = Release|iPhoneSimulator
		Release|x64 = Release|x64
		Release|x86 = Release|x86
	EndGlobalSection
	GlobalSection(ProjectConfigurationPlatforms) = postSolution
		{E4896A31-A9A4-4A9F-9EE2-9E04B1603D84}.Ad-Hoc|Any CPU.ActiveCfg = Release|Any CPU
		{E4896A31-A9A4-4A9F-9EE2-9E04B1603D84}.Ad-Hoc|Any CPU.Build.0 = Release|Any CPU
		{E4896A31-A9A4-4A9F-9EE2-9E04B1603D84}.Ad-Hoc|ARM.ActiveCfg = Release|Any CPU
		{E4896A31-A9A4-4A9F-9EE2-9E04B1603D84}.Ad-Hoc|ARM.Build.0 = Release|Any CPU
		{E4896A31-A9A4-4A9F-9EE2-9E04B1603D84}.Ad-Hoc|iPhone.ActiveCfg = Release|Any CPU
		{E4896A31-A9A4-4A9F-9EE2-9E04B1603D84}.Ad-Hoc|iPhone.Build.0 = Release|Any CPU
		{E4896A31-A9A4-4A9F-9EE2-9E04B1603D84}.Ad-Hoc|iPhoneSimulator.ActiveCfg = Release|Any CPU
		{E4896A31-A9A4-4A9F-9EE2-9E04B1603D84}.Ad-Hoc|iPhoneSimulator.Build.0 = Release|Any CPU
		{E4896A31-A9A4-4A9F-9EE2-9E04B1603D84}.Ad-Hoc|x64.ActiveCfg = Release|Any CPU
		{E4896A31-A9A4-4A9F-9EE2-9E04B1603D84}.Ad-Hoc|x64.Build.0 = Release|Any CPU
		{E4896A31-A9A4-4A9F-9EE2-9E04B1603D84}.Ad-Hoc|x86.ActiveCfg = Release|Any CPU
		{E4896A31-A9A4-4A9F-9EE2-9E04B1603D84}.Ad-Hoc|x86.Build.0 = Release|Any CPU
		{E4896A31-A9A4-4A9F-9EE2-9E04B1603D84}.AppStore|Any CPU.ActiveCfg = Release|Any CPU
		{E4896A31-A9A4-4A9F-9EE2-9E04B1603D84}.AppStore|Any CPU.Build.0 = Release|Any CPU
		{E4896A31-A9A4-4A9F-9EE2-9E04B1603D84}.AppStore|ARM.ActiveCfg = Release|Any CPU
		{E4896A31-A9A4-4A9F-9EE2-9E04B1603D84}.AppStore|ARM.Build.0 = Release|Any CPU
		{E4896A31-A9A4-4A9F-9EE2-9E04B1603D84}.AppStore|iPhone.ActiveCfg = Release|Any CPU
		{E4896A31-A9A4-4A9F-9EE2-9E04B1603D84}.AppStore|iPhone.Build.0 = Release|Any CPU
		{E4896A31-A9A4-4A9F-9EE2-9E04B1603D84}.AppStore|iPhoneSimulator.ActiveCfg = Release|Any CPU
		{E4896A31-A9A4-4A9F-9EE2-9E04B1603D84}.AppStore|iPhoneSimulator.Build.0 = Release|Any CPU
		{E4896A31-A9A4-4A9F-9EE2-9E04B1603D84}.AppStore|x64.ActiveCfg = Release|Any CPU
		{E4896A31-A9A4-4A9F-9EE2-9E04B1603D84}.AppStore|x64.Build.0 = Release|Any CPU
		{E4896A31-A9A4-4A9F-9EE2-9E04B1603D84}.AppStore|x86.ActiveCfg = Release|Any CPU
		{E4896A31-A9A4-4A9F-9EE2-9E04B1603D84}.AppStore|x86.Build.0 = Release|Any CPU
		{E4896A31-A9A4-4A9F-9EE2-9E04B1603D84}.Debug|Any CPU.ActiveCfg = Debug|Any CPU
		{E4896A31-A9A4-4A9F-9EE2-9E04B1603D84}.Debug|Any CPU.Build.0 = Debug|Any CPU
		{E4896A31-A9A4-4A9F-9EE2-9E04B1603D84}.Debug|ARM.ActiveCfg = Debug|Any CPU
		{E4896A31-A9A4-4A9F-9EE2-9E04B1603D84}.Debug|ARM.Build.0 = Debug|Any CPU
		{E4896A31-A9A4-4A9F-9EE2-9E04B1603D84}.Debug|iPhone.ActiveCfg = Debug|Any CPU
		{E4896A31-A9A4-4A9F-9EE2-9E04B1603D84}.Debug|iPhone.Build.0 = Debug|Any CPU
		{E4896A31-A9A4-4A9F-9EE2-9E04B1603D84}.Debug|iPhoneSimulator.ActiveCfg = Debug|Any CPU
		{E4896A31-A9A4-4A9F-9EE2-9E04B1603D84}.Debug|iPhoneSimulator.Build.0 = Debug|Any CPU
		{E4896A31-A9A4-4A9F-9EE2-9E04B1603D84}.Debug|x64.ActiveCfg = Debug|Any CPU
		{E4896A31-A9A4-4A9F-9EE2-9E04B1603D84}.Debug|x64.Build.0 = Debug|Any CPU
		{E4896A31-A9A4-4A9F-9EE2-9E04B1603D84}.Debug|x86.ActiveCfg = Debug|Any CPU
		{E4896A31-A9A4-4A9F-9EE2-9E04B1603D84}.Debug|x86.Build.0 = Debug|Any CPU
		{E4896A31-A9A4-4A9F-9EE2-9E04B1603D84}.Release|Any CPU.ActiveCfg = Release|Any CPU
		{E4896A31-A9A4-4A9F-9EE2-9E04B1603D84}.Release|Any CPU.Build.0 = Release|Any CPU
		{E4896A31-A9A4-4A9F-9EE2-9E04B1603D84}.Release|ARM.ActiveCfg = Release|Any CPU
		{E4896A31-A9A4-4A9F-9EE2-9E04B1603D84}.Release|ARM.Build.0 = Release|Any CPU
		{E4896A31-A9A4-4A9F-9EE2-9E04B1603D84}.Release|iPhone.ActiveCfg = Release|Any CPU
		{E4896A31-A9A4-4A9F-9EE2-9E04B1603D84}.Release|iPhone.Build.0 = Release|Any CPU
		{E4896A31-A9A4-4A9F-9EE2-9E04B1603D84}.Release|iPhoneSimulator.ActiveCfg = Release|Any CPU
		{E4896A31-A9A4-4A9F-9EE2-9E04B1603D84}.Release|iPhoneSimulator.Build.0 = Release|Any CPU
		{E4896A31-A9A4-4A9F-9EE2-9E04B1603D84}.Release|x64.ActiveCfg = Release|Any CPU
		{E4896A31-A9A4-4A9F-9EE2-9E04B1603D84}.Release|x64.Build.0 = Release|Any CPU
		{E4896A31-A9A4-4A9F-9EE2-9E04B1603D84}.Release|x86.ActiveCfg = Release|Any CPU
		{E4896A31-A9A4-4A9F-9EE2-9E04B1603D84}.Release|x86.Build.0 = Release|Any CPU
		{42EA8E06-E0A2-4204-8918-1C691433D77B}.Ad-Hoc|Any CPU.ActiveCfg = Release|Any CPU
		{42EA8E06-E0A2-4204-8918-1C691433D77B}.Ad-Hoc|Any CPU.Build.0 = Release|Any CPU
		{42EA8E06-E0A2-4204-8918-1C691433D77B}.Ad-Hoc|Any CPU.Deploy.0 = Release|Any CPU
		{42EA8E06-E0A2-4204-8918-1C691433D77B}.Ad-Hoc|ARM.ActiveCfg = Release|Any CPU
		{42EA8E06-E0A2-4204-8918-1C691433D77B}.Ad-Hoc|ARM.Build.0 = Release|Any CPU
		{42EA8E06-E0A2-4204-8918-1C691433D77B}.Ad-Hoc|ARM.Deploy.0 = Release|Any CPU
		{42EA8E06-E0A2-4204-8918-1C691433D77B}.Ad-Hoc|iPhone.ActiveCfg = Release|Any CPU
		{42EA8E06-E0A2-4204-8918-1C691433D77B}.Ad-Hoc|iPhone.Build.0 = Release|Any CPU
		{42EA8E06-E0A2-4204-8918-1C691433D77B}.Ad-Hoc|iPhone.Deploy.0 = Release|Any CPU
		{42EA8E06-E0A2-4204-8918-1C691433D77B}.Ad-Hoc|iPhoneSimulator.ActiveCfg = Release|Any CPU
		{42EA8E06-E0A2-4204-8918-1C691433D77B}.Ad-Hoc|iPhoneSimulator.Build.0 = Release|Any CPU
		{42EA8E06-E0A2-4204-8918-1C691433D77B}.Ad-Hoc|iPhoneSimulator.Deploy.0 = Release|Any CPU
		{42EA8E06-E0A2-4204-8918-1C691433D77B}.Ad-Hoc|x64.ActiveCfg = Release|Any CPU
		{42EA8E06-E0A2-4204-8918-1C691433D77B}.Ad-Hoc|x64.Build.0 = Release|Any CPU
		{42EA8E06-E0A2-4204-8918-1C691433D77B}.Ad-Hoc|x64.Deploy.0 = Release|Any CPU
		{42EA8E06-E0A2-4204-8918-1C691433D77B}.Ad-Hoc|x86.ActiveCfg = Release|Any CPU
		{42EA8E06-E0A2-4204-8918-1C691433D77B}.Ad-Hoc|x86.Build.0 = Release|Any CPU
		{42EA8E06-E0A2-4204-8918-1C691433D77B}.Ad-Hoc|x86.Deploy.0 = Release|Any CPU
		{42EA8E06-E0A2-4204-8918-1C691433D77B}.AppStore|Any CPU.ActiveCfg = Release|Any CPU
		{42EA8E06-E0A2-4204-8918-1C691433D77B}.AppStore|Any CPU.Build.0 = Release|Any CPU
		{42EA8E06-E0A2-4204-8918-1C691433D77B}.AppStore|Any CPU.Deploy.0 = Release|Any CPU
		{42EA8E06-E0A2-4204-8918-1C691433D77B}.AppStore|ARM.ActiveCfg = Release|Any CPU
		{42EA8E06-E0A2-4204-8918-1C691433D77B}.AppStore|ARM.Build.0 = Release|Any CPU
		{42EA8E06-E0A2-4204-8918-1C691433D77B}.AppStore|ARM.Deploy.0 = Release|Any CPU
		{42EA8E06-E0A2-4204-8918-1C691433D77B}.AppStore|iPhone.ActiveCfg = Release|Any CPU
		{42EA8E06-E0A2-4204-8918-1C691433D77B}.AppStore|iPhone.Build.0 = Release|Any CPU
		{42EA8E06-E0A2-4204-8918-1C691433D77B}.AppStore|iPhone.Deploy.0 = Release|Any CPU
		{42EA8E06-E0A2-4204-8918-1C691433D77B}.AppStore|iPhoneSimulator.ActiveCfg = Release|Any CPU
		{42EA8E06-E0A2-4204-8918-1C691433D77B}.AppStore|iPhoneSimulator.Build.0 = Release|Any CPU
		{42EA8E06-E0A2-4204-8918-1C691433D77B}.AppStore|iPhoneSimulator.Deploy.0 = Release|Any CPU
		{42EA8E06-E0A2-4204-8918-1C691433D77B}.AppStore|x64.ActiveCfg = Release|Any CPU
		{42EA8E06-E0A2-4204-8918-1C691433D77B}.AppStore|x64.Build.0 = Release|Any CPU
		{42EA8E06-E0A2-4204-8918-1C691433D77B}.AppStore|x64.Deploy.0 = Release|Any CPU
		{42EA8E06-E0A2-4204-8918-1C691433D77B}.AppStore|x86.ActiveCfg = Release|Any CPU
		{42EA8E06-E0A2-4204-8918-1C691433D77B}.AppStore|x86.Build.0 = Release|Any CPU
		{42EA8E06-E0A2-4204-8918-1C691433D77B}.AppStore|x86.Deploy.0 = Release|Any CPU
		{42EA8E06-E0A2-4204-8918-1C691433D77B}.Debug|Any CPU.ActiveCfg = Debug|Any CPU
		{42EA8E06-E0A2-4204-8918-1C691433D77B}.Debug|Any CPU.Build.0 = Debug|Any CPU
		{42EA8E06-E0A2-4204-8918-1C691433D77B}.Debug|Any CPU.Deploy.0 = Debug|Any CPU
		{42EA8E06-E0A2-4204-8918-1C691433D77B}.Debug|ARM.ActiveCfg = Debug|Any CPU
		{42EA8E06-E0A2-4204-8918-1C691433D77B}.Debug|ARM.Build.0 = Debug|Any CPU
		{42EA8E06-E0A2-4204-8918-1C691433D77B}.Debug|ARM.Deploy.0 = Debug|Any CPU
		{42EA8E06-E0A2-4204-8918-1C691433D77B}.Debug|iPhone.ActiveCfg = Debug|Any CPU
		{42EA8E06-E0A2-4204-8918-1C691433D77B}.Debug|iPhone.Build.0 = Debug|Any CPU
		{42EA8E06-E0A2-4204-8918-1C691433D77B}.Debug|iPhone.Deploy.0 = Debug|Any CPU
		{42EA8E06-E0A2-4204-8918-1C691433D77B}.Debug|iPhoneSimulator.ActiveCfg = Debug|Any CPU
		{42EA8E06-E0A2-4204-8918-1C691433D77B}.Debug|iPhoneSimulator.Build.0 = Debug|Any CPU
		{42EA8E06-E0A2-4204-8918-1C691433D77B}.Debug|iPhoneSimulator.Deploy.0 = Debug|Any CPU
		{42EA8E06-E0A2-4204-8918-1C691433D77B}.Debug|x64.ActiveCfg = Debug|Any CPU
		{42EA8E06-E0A2-4204-8918-1C691433D77B}.Debug|x64.Build.0 = Debug|Any CPU
		{42EA8E06-E0A2-4204-8918-1C691433D77B}.Debug|x64.Deploy.0 = Debug|Any CPU
		{42EA8E06-E0A2-4204-8918-1C691433D77B}.Debug|x86.ActiveCfg = Debug|Any CPU
		{42EA8E06-E0A2-4204-8918-1C691433D77B}.Debug|x86.Build.0 = Debug|Any CPU
		{42EA8E06-E0A2-4204-8918-1C691433D77B}.Debug|x86.Deploy.0 = Debug|Any CPU
		{42EA8E06-E0A2-4204-8918-1C691433D77B}.Release|Any CPU.ActiveCfg = Release|Any CPU
		{42EA8E06-E0A2-4204-8918-1C691433D77B}.Release|Any CPU.Build.0 = Release|Any CPU
		{42EA8E06-E0A2-4204-8918-1C691433D77B}.Release|Any CPU.Deploy.0 = Release|Any CPU
		{42EA8E06-E0A2-4204-8918-1C691433D77B}.Release|ARM.ActiveCfg = Release|Any CPU
		{42EA8E06-E0A2-4204-8918-1C691433D77B}.Release|ARM.Build.0 = Release|Any CPU
		{42EA8E06-E0A2-4204-8918-1C691433D77B}.Release|ARM.Deploy.0 = Release|Any CPU
		{42EA8E06-E0A2-4204-8918-1C691433D77B}.Release|iPhone.ActiveCfg = Release|Any CPU
		{42EA8E06-E0A2-4204-8918-1C691433D77B}.Release|iPhone.Build.0 = Release|Any CPU
		{42EA8E06-E0A2-4204-8918-1C691433D77B}.Release|iPhone.Deploy.0 = Release|Any CPU
		{42EA8E06-E0A2-4204-8918-1C691433D77B}.Release|iPhoneSimulator.ActiveCfg = Release|Any CPU
		{42EA8E06-E0A2-4204-8918-1C691433D77B}.Release|iPhoneSimulator.Build.0 = Release|Any CPU
		{42EA8E06-E0A2-4204-8918-1C691433D77B}.Release|iPhoneSimulator.Deploy.0 = Release|Any CPU
		{42EA8E06-E0A2-4204-8918-1C691433D77B}.Release|x64.ActiveCfg = Release|Any CPU
		{42EA8E06-E0A2-4204-8918-1C691433D77B}.Release|x64.Build.0 = Release|Any CPU
		{42EA8E06-E0A2-4204-8918-1C691433D77B}.Release|x64.Deploy.0 = Release|Any CPU
		{42EA8E06-E0A2-4204-8918-1C691433D77B}.Release|x86.ActiveCfg = Release|Any CPU
		{42EA8E06-E0A2-4204-8918-1C691433D77B}.Release|x86.Build.0 = Release|Any CPU
		{42EA8E06-E0A2-4204-8918-1C691433D77B}.Release|x86.Deploy.0 = Release|Any CPU
		{98440AF3-CC07-49CC-8685-FF7CBF5AD2F2}.Ad-Hoc|Any CPU.ActiveCfg = Ad-Hoc|iPhone
		{98440AF3-CC07-49CC-8685-FF7CBF5AD2F2}.Ad-Hoc|ARM.ActiveCfg = Ad-Hoc|iPhone
		{98440AF3-CC07-49CC-8685-FF7CBF5AD2F2}.Ad-Hoc|iPhone.ActiveCfg = Ad-Hoc|iPhone
		{98440AF3-CC07-49CC-8685-FF7CBF5AD2F2}.Ad-Hoc|iPhone.Build.0 = Ad-Hoc|iPhone
		{98440AF3-CC07-49CC-8685-FF7CBF5AD2F2}.Ad-Hoc|iPhoneSimulator.ActiveCfg = Ad-Hoc|iPhoneSimulator
		{98440AF3-CC07-49CC-8685-FF7CBF5AD2F2}.Ad-Hoc|iPhoneSimulator.Build.0 = Ad-Hoc|iPhoneSimulator
		{98440AF3-CC07-49CC-8685-FF7CBF5AD2F2}.Ad-Hoc|x64.ActiveCfg = Ad-Hoc|iPhone
		{98440AF3-CC07-49CC-8685-FF7CBF5AD2F2}.Ad-Hoc|x86.ActiveCfg = Ad-Hoc|iPhone
		{98440AF3-CC07-49CC-8685-FF7CBF5AD2F2}.AppStore|Any CPU.ActiveCfg = AppStore|iPhone
		{98440AF3-CC07-49CC-8685-FF7CBF5AD2F2}.AppStore|ARM.ActiveCfg = AppStore|iPhone
		{98440AF3-CC07-49CC-8685-FF7CBF5AD2F2}.AppStore|iPhone.ActiveCfg = AppStore|iPhone
		{98440AF3-CC07-49CC-8685-FF7CBF5AD2F2}.AppStore|iPhone.Build.0 = AppStore|iPhone
		{98440AF3-CC07-49CC-8685-FF7CBF5AD2F2}.AppStore|iPhoneSimulator.ActiveCfg = AppStore|iPhoneSimulator
		{98440AF3-CC07-49CC-8685-FF7CBF5AD2F2}.AppStore|iPhoneSimulator.Build.0 = AppStore|iPhoneSimulator
		{98440AF3-CC07-49CC-8685-FF7CBF5AD2F2}.AppStore|x64.ActiveCfg = AppStore|iPhone
		{98440AF3-CC07-49CC-8685-FF7CBF5AD2F2}.AppStore|x86.ActiveCfg = AppStore|iPhone
		{98440AF3-CC07-49CC-8685-FF7CBF5AD2F2}.Debug|Any CPU.ActiveCfg = Debug|iPhone
		{98440AF3-CC07-49CC-8685-FF7CBF5AD2F2}.Debug|ARM.ActiveCfg = Debug|iPhone
		{98440AF3-CC07-49CC-8685-FF7CBF5AD2F2}.Debug|iPhone.ActiveCfg = Debug|iPhone
		{98440AF3-CC07-49CC-8685-FF7CBF5AD2F2}.Debug|iPhone.Build.0 = Debug|iPhone
		{98440AF3-CC07-49CC-8685-FF7CBF5AD2F2}.Debug|iPhoneSimulator.ActiveCfg = Debug|iPhoneSimulator
		{98440AF3-CC07-49CC-8685-FF7CBF5AD2F2}.Debug|iPhoneSimulator.Build.0 = Debug|iPhoneSimulator
		{98440AF3-CC07-49CC-8685-FF7CBF5AD2F2}.Debug|x64.ActiveCfg = Debug|iPhone
		{98440AF3-CC07-49CC-8685-FF7CBF5AD2F2}.Debug|x86.ActiveCfg = Debug|iPhone
		{98440AF3-CC07-49CC-8685-FF7CBF5AD2F2}.Release|Any CPU.ActiveCfg = Release|iPhone
		{98440AF3-CC07-49CC-8685-FF7CBF5AD2F2}.Release|ARM.ActiveCfg = Release|iPhone
		{98440AF3-CC07-49CC-8685-FF7CBF5AD2F2}.Release|iPhone.ActiveCfg = Release|iPhone
		{98440AF3-CC07-49CC-8685-FF7CBF5AD2F2}.Release|iPhone.Build.0 = Release|iPhone
		{98440AF3-CC07-49CC-8685-FF7CBF5AD2F2}.Release|iPhoneSimulator.ActiveCfg = Release|iPhoneSimulator
		{98440AF3-CC07-49CC-8685-FF7CBF5AD2F2}.Release|iPhoneSimulator.Build.0 = Release|iPhoneSimulator
		{98440AF3-CC07-49CC-8685-FF7CBF5AD2F2}.Release|x64.ActiveCfg = Release|iPhone
		{98440AF3-CC07-49CC-8685-FF7CBF5AD2F2}.Release|x86.ActiveCfg = Release|iPhone
		{671AD290-F973-4732-A483-C98309B7351D}.Ad-Hoc|Any CPU.ActiveCfg = Release|x86
		{671AD290-F973-4732-A483-C98309B7351D}.Ad-Hoc|Any CPU.Build.0 = Release|x86
		{671AD290-F973-4732-A483-C98309B7351D}.Ad-Hoc|Any CPU.Deploy.0 = Release|x86
		{671AD290-F973-4732-A483-C98309B7351D}.Ad-Hoc|ARM.ActiveCfg = Release|ARM
		{671AD290-F973-4732-A483-C98309B7351D}.Ad-Hoc|ARM.Build.0 = Release|ARM
		{671AD290-F973-4732-A483-C98309B7351D}.Ad-Hoc|ARM.Deploy.0 = Release|ARM
		{671AD290-F973-4732-A483-C98309B7351D}.Ad-Hoc|iPhone.ActiveCfg = Release|x86
		{671AD290-F973-4732-A483-C98309B7351D}.Ad-Hoc|iPhone.Build.0 = Release|x86
		{671AD290-F973-4732-A483-C98309B7351D}.Ad-Hoc|iPhone.Deploy.0 = Release|x86
		{671AD290-F973-4732-A483-C98309B7351D}.Ad-Hoc|iPhoneSimulator.ActiveCfg = Release|x86
		{671AD290-F973-4732-A483-C98309B7351D}.Ad-Hoc|iPhoneSimulator.Build.0 = Release|x86
		{671AD290-F973-4732-A483-C98309B7351D}.Ad-Hoc|iPhoneSimulator.Deploy.0 = Release|x86
		{671AD290-F973-4732-A483-C98309B7351D}.Ad-Hoc|x64.ActiveCfg = Release|x64
		{671AD290-F973-4732-A483-C98309B7351D}.Ad-Hoc|x64.Build.0 = Release|x64
		{671AD290-F973-4732-A483-C98309B7351D}.Ad-Hoc|x64.Deploy.0 = Release|x64
		{671AD290-F973-4732-A483-C98309B7351D}.Ad-Hoc|x86.ActiveCfg = Release|x86
		{671AD290-F973-4732-A483-C98309B7351D}.Ad-Hoc|x86.Build.0 = Release|x86
		{671AD290-F973-4732-A483-C98309B7351D}.Ad-Hoc|x86.Deploy.0 = Release|x86
		{671AD290-F973-4732-A483-C98309B7351D}.AppStore|Any CPU.ActiveCfg = Release|x86
		{671AD290-F973-4732-A483-C98309B7351D}.AppStore|Any CPU.Build.0 = Release|x86
		{671AD290-F973-4732-A483-C98309B7351D}.AppStore|Any CPU.Deploy.0 = Release|x86
		{671AD290-F973-4732-A483-C98309B7351D}.AppStore|ARM.ActiveCfg = Release|ARM
		{671AD290-F973-4732-A483-C98309B7351D}.AppStore|ARM.Build.0 = Release|ARM
		{671AD290-F973-4732-A483-C98309B7351D}.AppStore|ARM.Deploy.0 = Release|ARM
		{671AD290-F973-4732-A483-C98309B7351D}.AppStore|iPhone.ActiveCfg = Release|x86
		{671AD290-F973-4732-A483-C98309B7351D}.AppStore|iPhone.Build.0 = Release|x86
		{671AD290-F973-4732-A483-C98309B7351D}.AppStore|iPhone.Deploy.0 = Release|x86
		{671AD290-F973-4732-A483-C98309B7351D}.AppStore|iPhoneSimulator.ActiveCfg = Release|x86
		{671AD290-F973-4732-A483-C98309B7351D}.AppStore|iPhoneSimulator.Build.0 = Release|x86
		{671AD290-F973-4732-A483-C98309B7351D}.AppStore|iPhoneSimulator.Deploy.0 = Release|x86
		{671AD290-F973-4732-A483-C98309B7351D}.AppStore|x64.ActiveCfg = Release|x64
		{671AD290-F973-4732-A483-C98309B7351D}.AppStore|x64.Build.0 = Release|x64
		{671AD290-F973-4732-A483-C98309B7351D}.AppStore|x64.Deploy.0 = Release|x64
		{671AD290-F973-4732-A483-C98309B7351D}.AppStore|x86.ActiveCfg = Release|x86
		{671AD290-F973-4732-A483-C98309B7351D}.AppStore|x86.Build.0 = Release|x86
		{671AD290-F973-4732-A483-C98309B7351D}.AppStore|x86.Deploy.0 = Release|x86
		{671AD290-F973-4732-A483-C98309B7351D}.Debug|Any CPU.ActiveCfg = Debug|x86
		{671AD290-F973-4732-A483-C98309B7351D}.Debug|ARM.ActiveCfg = Debug|ARM
		{671AD290-F973-4732-A483-C98309B7351D}.Debug|ARM.Build.0 = Debug|ARM
		{671AD290-F973-4732-A483-C98309B7351D}.Debug|ARM.Deploy.0 = Debug|ARM
		{671AD290-F973-4732-A483-C98309B7351D}.Debug|iPhone.ActiveCfg = Debug|x86
		{671AD290-F973-4732-A483-C98309B7351D}.Debug|iPhoneSimulator.ActiveCfg = Debug|x86
		{671AD290-F973-4732-A483-C98309B7351D}.Debug|iPhoneSimulator.Build.0 = Debug|x86
		{671AD290-F973-4732-A483-C98309B7351D}.Debug|iPhoneSimulator.Deploy.0 = Debug|x86
		{671AD290-F973-4732-A483-C98309B7351D}.Debug|x64.ActiveCfg = Debug|x64
		{671AD290-F973-4732-A483-C98309B7351D}.Debug|x64.Build.0 = Debug|x64
		{671AD290-F973-4732-A483-C98309B7351D}.Debug|x64.Deploy.0 = Debug|x64
		{671AD290-F973-4732-A483-C98309B7351D}.Debug|x86.ActiveCfg = Debug|x86
		{671AD290-F973-4732-A483-C98309B7351D}.Debug|x86.Build.0 = Debug|x86
		{671AD290-F973-4732-A483-C98309B7351D}.Debug|x86.Deploy.0 = Debug|x86
		{671AD290-F973-4732-A483-C98309B7351D}.Release|Any CPU.ActiveCfg = Release|x86
		{671AD290-F973-4732-A483-C98309B7351D}.Release|ARM.ActiveCfg = Release|ARM
		{671AD290-F973-4732-A483-C98309B7351D}.Release|ARM.Build.0 = Release|ARM
		{671AD290-F973-4732-A483-C98309B7351D}.Release|ARM.Deploy.0 = Release|ARM
		{671AD290-F973-4732-A483-C98309B7351D}.Release|iPhone.ActiveCfg = Release|x86
		{671AD290-F973-4732-A483-C98309B7351D}.Release|iPhoneSimulator.ActiveCfg = Release|x86
		{671AD290-F973-4732-A483-C98309B7351D}.Release|x64.ActiveCfg = Release|x64
		{671AD290-F973-4732-A483-C98309B7351D}.Release|x64.Build.0 = Release|x64
		{671AD290-F973-4732-A483-C98309B7351D}.Release|x64.Deploy.0 = Release|x64
		{671AD290-F973-4732-A483-C98309B7351D}.Release|x86.ActiveCfg = Release|x86
		{671AD290-F973-4732-A483-C98309B7351D}.Release|x86.Build.0 = Release|x86
		{671AD290-F973-4732-A483-C98309B7351D}.Release|x86.Deploy.0 = Release|x86
		{F208F2C6-E36A-47B0-952E-4E5F1FD4619A}.Ad-Hoc|Any CPU.ActiveCfg = Release|Any CPU
		{F208F2C6-E36A-47B0-952E-4E5F1FD4619A}.Ad-Hoc|Any CPU.Build.0 = Release|Any CPU
		{F208F2C6-E36A-47B0-952E-4E5F1FD4619A}.Ad-Hoc|ARM.ActiveCfg = Release|Any CPU
		{F208F2C6-E36A-47B0-952E-4E5F1FD4619A}.Ad-Hoc|ARM.Build.0 = Release|Any CPU
		{F208F2C6-E36A-47B0-952E-4E5F1FD4619A}.Ad-Hoc|iPhone.ActiveCfg = Release|Any CPU
		{F208F2C6-E36A-47B0-952E-4E5F1FD4619A}.Ad-Hoc|iPhone.Build.0 = Release|Any CPU
		{F208F2C6-E36A-47B0-952E-4E5F1FD4619A}.Ad-Hoc|iPhoneSimulator.ActiveCfg = Release|Any CPU
		{F208F2C6-E36A-47B0-952E-4E5F1FD4619A}.Ad-Hoc|iPhoneSimulator.Build.0 = Release|Any CPU
		{F208F2C6-E36A-47B0-952E-4E5F1FD4619A}.Ad-Hoc|x64.ActiveCfg = Release|Any CPU
		{F208F2C6-E36A-47B0-952E-4E5F1FD4619A}.Ad-Hoc|x64.Build.0 = Release|Any CPU
		{F208F2C6-E36A-47B0-952E-4E5F1FD4619A}.Ad-Hoc|x86.ActiveCfg = Release|Any CPU
		{F208F2C6-E36A-47B0-952E-4E5F1FD4619A}.Ad-Hoc|x86.Build.0 = Release|Any CPU
		{F208F2C6-E36A-47B0-952E-4E5F1FD4619A}.AppStore|Any CPU.ActiveCfg = Release|Any CPU
		{F208F2C6-E36A-47B0-952E-4E5F1FD4619A}.AppStore|Any CPU.Build.0 = Release|Any CPU
		{F208F2C6-E36A-47B0-952E-4E5F1FD4619A}.AppStore|ARM.ActiveCfg = Release|Any CPU
		{F208F2C6-E36A-47B0-952E-4E5F1FD4619A}.AppStore|ARM.Build.0 = Release|Any CPU
		{F208F2C6-E36A-47B0-952E-4E5F1FD4619A}.AppStore|iPhone.ActiveCfg = Release|Any CPU
		{F208F2C6-E36A-47B0-952E-4E5F1FD4619A}.AppStore|iPhone.Build.0 = Release|Any CPU
		{F208F2C6-E36A-47B0-952E-4E5F1FD4619A}.AppStore|iPhoneSimulator.ActiveCfg = Release|Any CPU
		{F208F2C6-E36A-47B0-952E-4E5F1FD4619A}.AppStore|iPhoneSimulator.Build.0 = Release|Any CPU
		{F208F2C6-E36A-47B0-952E-4E5F1FD4619A}.AppStore|x64.ActiveCfg = Release|Any CPU
		{F208F2C6-E36A-47B0-952E-4E5F1FD4619A}.AppStore|x64.Build.0 = Release|Any CPU
		{F208F2C6-E36A-47B0-952E-4E5F1FD4619A}.AppStore|x86.ActiveCfg = Release|Any CPU
		{F208F2C6-E36A-47B0-952E-4E5F1FD4619A}.AppStore|x86.Build.0 = Release|Any CPU
		{F208F2C6-E36A-47B0-952E-4E5F1FD4619A}.Debug|Any CPU.ActiveCfg = Debug|Any CPU
		{F208F2C6-E36A-47B0-952E-4E5F1FD4619A}.Debug|Any CPU.Build.0 = Debug|Any CPU
		{F208F2C6-E36A-47B0-952E-4E5F1FD4619A}.Debug|ARM.ActiveCfg = Debug|Any CPU
		{F208F2C6-E36A-47B0-952E-4E5F1FD4619A}.Debug|ARM.Build.0 = Debug|Any CPU
		{F208F2C6-E36A-47B0-952E-4E5F1FD4619A}.Debug|iPhone.ActiveCfg = Debug|Any CPU
		{F208F2C6-E36A-47B0-952E-4E5F1FD4619A}.Debug|iPhone.Build.0 = Debug|Any CPU
		{F208F2C6-E36A-47B0-952E-4E5F1FD4619A}.Debug|iPhoneSimulator.ActiveCfg = Debug|Any CPU
		{F208F2C6-E36A-47B0-952E-4E5F1FD4619A}.Debug|iPhoneSimulator.Build.0 = Debug|Any CPU
		{F208F2C6-E36A-47B0-952E-4E5F1FD4619A}.Debug|x64.ActiveCfg = Debug|Any CPU
		{F208F2C6-E36A-47B0-952E-4E5F1FD4619A}.Debug|x64.Build.0 = Debug|Any CPU
		{F208F2C6-E36A-47B0-952E-4E5F1FD4619A}.Debug|x86.ActiveCfg = Debug|Any CPU
		{F208F2C6-E36A-47B0-952E-4E5F1FD4619A}.Debug|x86.Build.0 = Debug|Any CPU
		{F208F2C6-E36A-47B0-952E-4E5F1FD4619A}.Release|Any CPU.ActiveCfg = Release|Any CPU
		{F208F2C6-E36A-47B0-952E-4E5F1FD4619A}.Release|Any CPU.Build.0 = Release|Any CPU
		{F208F2C6-E36A-47B0-952E-4E5F1FD4619A}.Release|ARM.ActiveCfg = Release|Any CPU
		{F208F2C6-E36A-47B0-952E-4E5F1FD4619A}.Release|ARM.Build.0 = Release|Any CPU
		{F208F2C6-E36A-47B0-952E-4E5F1FD4619A}.Release|iPhone.ActiveCfg = Release|Any CPU
		{F208F2C6-E36A-47B0-952E-4E5F1FD4619A}.Release|iPhone.Build.0 = Release|Any CPU
		{F208F2C6-E36A-47B0-952E-4E5F1FD4619A}.Release|iPhoneSimulator.ActiveCfg = Release|Any CPU
		{F208F2C6-E36A-47B0-952E-4E5F1FD4619A}.Release|iPhoneSimulator.Build.0 = Release|Any CPU
		{F208F2C6-E36A-47B0-952E-4E5F1FD4619A}.Release|x64.ActiveCfg = Release|Any CPU
		{F208F2C6-E36A-47B0-952E-4E5F1FD4619A}.Release|x64.Build.0 = Release|Any CPU
		{F208F2C6-E36A-47B0-952E-4E5F1FD4619A}.Release|x86.ActiveCfg = Release|Any CPU
		{F208F2C6-E36A-47B0-952E-4E5F1FD4619A}.Release|x86.Build.0 = Release|Any CPU
		{964E25ED-103E-4D1D-83A4-4AC3832B31E2}.Ad-Hoc|Any CPU.ActiveCfg = Release|Any CPU
		{964E25ED-103E-4D1D-83A4-4AC3832B31E2}.Ad-Hoc|Any CPU.Build.0 = Release|Any CPU
		{964E25ED-103E-4D1D-83A4-4AC3832B31E2}.Ad-Hoc|ARM.ActiveCfg = Release|Any CPU
		{964E25ED-103E-4D1D-83A4-4AC3832B31E2}.Ad-Hoc|ARM.Build.0 = Release|Any CPU
		{964E25ED-103E-4D1D-83A4-4AC3832B31E2}.Ad-Hoc|iPhone.ActiveCfg = Release|Any CPU
		{964E25ED-103E-4D1D-83A4-4AC3832B31E2}.Ad-Hoc|iPhone.Build.0 = Release|Any CPU
		{964E25ED-103E-4D1D-83A4-4AC3832B31E2}.Ad-Hoc|iPhoneSimulator.ActiveCfg = Release|Any CPU
		{964E25ED-103E-4D1D-83A4-4AC3832B31E2}.Ad-Hoc|iPhoneSimulator.Build.0 = Release|Any CPU
		{964E25ED-103E-4D1D-83A4-4AC3832B31E2}.Ad-Hoc|x64.ActiveCfg = Release|Any CPU
		{964E25ED-103E-4D1D-83A4-4AC3832B31E2}.Ad-Hoc|x64.Build.0 = Release|Any CPU
		{964E25ED-103E-4D1D-83A4-4AC3832B31E2}.Ad-Hoc|x86.ActiveCfg = Release|Any CPU
		{964E25ED-103E-4D1D-83A4-4AC3832B31E2}.Ad-Hoc|x86.Build.0 = Release|Any CPU
		{964E25ED-103E-4D1D-83A4-4AC3832B31E2}.AppStore|Any CPU.ActiveCfg = Release|Any CPU
		{964E25ED-103E-4D1D-83A4-4AC3832B31E2}.AppStore|Any CPU.Build.0 = Release|Any CPU
		{964E25ED-103E-4D1D-83A4-4AC3832B31E2}.AppStore|ARM.ActiveCfg = Release|Any CPU
		{964E25ED-103E-4D1D-83A4-4AC3832B31E2}.AppStore|ARM.Build.0 = Release|Any CPU
		{964E25ED-103E-4D1D-83A4-4AC3832B31E2}.AppStore|iPhone.ActiveCfg = Release|Any CPU
		{964E25ED-103E-4D1D-83A4-4AC3832B31E2}.AppStore|iPhone.Build.0 = Release|Any CPU
		{964E25ED-103E-4D1D-83A4-4AC3832B31E2}.AppStore|iPhoneSimulator.ActiveCfg = Release|Any CPU
		{964E25ED-103E-4D1D-83A4-4AC3832B31E2}.AppStore|iPhoneSimulator.Build.0 = Release|Any CPU
		{964E25ED-103E-4D1D-83A4-4AC3832B31E2}.AppStore|x64.ActiveCfg = Release|Any CPU
		{964E25ED-103E-4D1D-83A4-4AC3832B31E2}.AppStore|x64.Build.0 = Release|Any CPU
		{964E25ED-103E-4D1D-83A4-4AC3832B31E2}.AppStore|x86.ActiveCfg = Release|Any CPU
		{964E25ED-103E-4D1D-83A4-4AC3832B31E2}.AppStore|x86.Build.0 = Release|Any CPU
		{964E25ED-103E-4D1D-83A4-4AC3832B31E2}.Debug|Any CPU.ActiveCfg = Debug|Any CPU
		{964E25ED-103E-4D1D-83A4-4AC3832B31E2}.Debug|Any CPU.Build.0 = Debug|Any CPU
		{964E25ED-103E-4D1D-83A4-4AC3832B31E2}.Debug|ARM.ActiveCfg = Debug|Any CPU
		{964E25ED-103E-4D1D-83A4-4AC3832B31E2}.Debug|ARM.Build.0 = Debug|Any CPU
		{964E25ED-103E-4D1D-83A4-4AC3832B31E2}.Debug|iPhone.ActiveCfg = Debug|Any CPU
		{964E25ED-103E-4D1D-83A4-4AC3832B31E2}.Debug|iPhone.Build.0 = Debug|Any CPU
		{964E25ED-103E-4D1D-83A4-4AC3832B31E2}.Debug|iPhoneSimulator.ActiveCfg = Debug|Any CPU
		{964E25ED-103E-4D1D-83A4-4AC3832B31E2}.Debug|iPhoneSimulator.Build.0 = Debug|Any CPU
		{964E25ED-103E-4D1D-83A4-4AC3832B31E2}.Debug|x64.ActiveCfg = Debug|Any CPU
		{964E25ED-103E-4D1D-83A4-4AC3832B31E2}.Debug|x64.Build.0 = Debug|Any CPU
		{964E25ED-103E-4D1D-83A4-4AC3832B31E2}.Debug|x86.ActiveCfg = Debug|Any CPU
		{964E25ED-103E-4D1D-83A4-4AC3832B31E2}.Debug|x86.Build.0 = Debug|Any CPU
		{964E25ED-103E-4D1D-83A4-4AC3832B31E2}.Release|Any CPU.ActiveCfg = Release|Any CPU
		{964E25ED-103E-4D1D-83A4-4AC3832B31E2}.Release|Any CPU.Build.0 = Release|Any CPU
		{964E25ED-103E-4D1D-83A4-4AC3832B31E2}.Release|ARM.ActiveCfg = Release|Any CPU
		{964E25ED-103E-4D1D-83A4-4AC3832B31E2}.Release|ARM.Build.0 = Release|Any CPU
		{964E25ED-103E-4D1D-83A4-4AC3832B31E2}.Release|iPhone.ActiveCfg = Release|Any CPU
		{964E25ED-103E-4D1D-83A4-4AC3832B31E2}.Release|iPhone.Build.0 = Release|Any CPU
		{964E25ED-103E-4D1D-83A4-4AC3832B31E2}.Release|iPhoneSimulator.ActiveCfg = Release|Any CPU
		{964E25ED-103E-4D1D-83A4-4AC3832B31E2}.Release|iPhoneSimulator.Build.0 = Release|Any CPU
		{964E25ED-103E-4D1D-83A4-4AC3832B31E2}.Release|x64.ActiveCfg = Release|Any CPU
		{964E25ED-103E-4D1D-83A4-4AC3832B31E2}.Release|x64.Build.0 = Release|Any CPU
		{964E25ED-103E-4D1D-83A4-4AC3832B31E2}.Release|x86.ActiveCfg = Release|Any CPU
		{964E25ED-103E-4D1D-83A4-4AC3832B31E2}.Release|x86.Build.0 = Release|Any CPU
		{5249DB76-4BD5-4094-B6CA-E5CB1F8BDDD3}.Ad-Hoc|Any CPU.ActiveCfg = Release|Any CPU
		{5249DB76-4BD5-4094-B6CA-E5CB1F8BDDD3}.Ad-Hoc|Any CPU.Build.0 = Release|Any CPU
		{5249DB76-4BD5-4094-B6CA-E5CB1F8BDDD3}.Ad-Hoc|ARM.ActiveCfg = Release|Any CPU
		{5249DB76-4BD5-4094-B6CA-E5CB1F8BDDD3}.Ad-Hoc|ARM.Build.0 = Release|Any CPU
		{5249DB76-4BD5-4094-B6CA-E5CB1F8BDDD3}.Ad-Hoc|iPhone.ActiveCfg = Release|Any CPU
		{5249DB76-4BD5-4094-B6CA-E5CB1F8BDDD3}.Ad-Hoc|iPhone.Build.0 = Release|Any CPU
		{5249DB76-4BD5-4094-B6CA-E5CB1F8BDDD3}.Ad-Hoc|iPhoneSimulator.ActiveCfg = Release|Any CPU
		{5249DB76-4BD5-4094-B6CA-E5CB1F8BDDD3}.Ad-Hoc|iPhoneSimulator.Build.0 = Release|Any CPU
		{5249DB76-4BD5-4094-B6CA-E5CB1F8BDDD3}.Ad-Hoc|x64.ActiveCfg = Release|Any CPU
		{5249DB76-4BD5-4094-B6CA-E5CB1F8BDDD3}.Ad-Hoc|x64.Build.0 = Release|Any CPU
		{5249DB76-4BD5-4094-B6CA-E5CB1F8BDDD3}.Ad-Hoc|x86.ActiveCfg = Release|Any CPU
		{5249DB76-4BD5-4094-B6CA-E5CB1F8BDDD3}.Ad-Hoc|x86.Build.0 = Release|Any CPU
		{5249DB76-4BD5-4094-B6CA-E5CB1F8BDDD3}.AppStore|Any CPU.ActiveCfg = Release|Any CPU
		{5249DB76-4BD5-4094-B6CA-E5CB1F8BDDD3}.AppStore|Any CPU.Build.0 = Release|Any CPU
		{5249DB76-4BD5-4094-B6CA-E5CB1F8BDDD3}.AppStore|ARM.ActiveCfg = Release|Any CPU
		{5249DB76-4BD5-4094-B6CA-E5CB1F8BDDD3}.AppStore|ARM.Build.0 = Release|Any CPU
		{5249DB76-4BD5-4094-B6CA-E5CB1F8BDDD3}.AppStore|iPhone.ActiveCfg = Release|Any CPU
		{5249DB76-4BD5-4094-B6CA-E5CB1F8BDDD3}.AppStore|iPhone.Build.0 = Release|Any CPU
		{5249DB76-4BD5-4094-B6CA-E5CB1F8BDDD3}.AppStore|iPhoneSimulator.ActiveCfg = Release|Any CPU
		{5249DB76-4BD5-4094-B6CA-E5CB1F8BDDD3}.AppStore|iPhoneSimulator.Build.0 = Release|Any CPU
		{5249DB76-4BD5-4094-B6CA-E5CB1F8BDDD3}.AppStore|x64.ActiveCfg = Release|Any CPU
		{5249DB76-4BD5-4094-B6CA-E5CB1F8BDDD3}.AppStore|x64.Build.0 = Release|Any CPU
		{5249DB76-4BD5-4094-B6CA-E5CB1F8BDDD3}.AppStore|x86.ActiveCfg = Release|Any CPU
		{5249DB76-4BD5-4094-B6CA-E5CB1F8BDDD3}.AppStore|x86.Build.0 = Release|Any CPU
		{5249DB76-4BD5-4094-B6CA-E5CB1F8BDDD3}.Debug|Any CPU.ActiveCfg = Debug|Any CPU
		{5249DB76-4BD5-4094-B6CA-E5CB1F8BDDD3}.Debug|Any CPU.Build.0 = Debug|Any CPU
		{5249DB76-4BD5-4094-B6CA-E5CB1F8BDDD3}.Debug|ARM.ActiveCfg = Debug|Any CPU
		{5249DB76-4BD5-4094-B6CA-E5CB1F8BDDD3}.Debug|ARM.Build.0 = Debug|Any CPU
		{5249DB76-4BD5-4094-B6CA-E5CB1F8BDDD3}.Debug|iPhone.ActiveCfg = Debug|Any CPU
		{5249DB76-4BD5-4094-B6CA-E5CB1F8BDDD3}.Debug|iPhone.Build.0 = Debug|Any CPU
		{5249DB76-4BD5-4094-B6CA-E5CB1F8BDDD3}.Debug|iPhoneSimulator.ActiveCfg = Debug|Any CPU
		{5249DB76-4BD5-4094-B6CA-E5CB1F8BDDD3}.Debug|iPhoneSimulator.Build.0 = Debug|Any CPU
		{5249DB76-4BD5-4094-B6CA-E5CB1F8BDDD3}.Debug|x64.ActiveCfg = Debug|Any CPU
		{5249DB76-4BD5-4094-B6CA-E5CB1F8BDDD3}.Debug|x64.Build.0 = Debug|Any CPU
		{5249DB76-4BD5-4094-B6CA-E5CB1F8BDDD3}.Debug|x86.ActiveCfg = Debug|Any CPU
		{5249DB76-4BD5-4094-B6CA-E5CB1F8BDDD3}.Debug|x86.Build.0 = Debug|Any CPU
		{5249DB76-4BD5-4094-B6CA-E5CB1F8BDDD3}.Release|Any CPU.ActiveCfg = Release|Any CPU
		{5249DB76-4BD5-4094-B6CA-E5CB1F8BDDD3}.Release|Any CPU.Build.0 = Release|Any CPU
		{5249DB76-4BD5-4094-B6CA-E5CB1F8BDDD3}.Release|ARM.ActiveCfg = Release|Any CPU
		{5249DB76-4BD5-4094-B6CA-E5CB1F8BDDD3}.Release|ARM.Build.0 = Release|Any CPU
		{5249DB76-4BD5-4094-B6CA-E5CB1F8BDDD3}.Release|iPhone.ActiveCfg = Release|Any CPU
		{5249DB76-4BD5-4094-B6CA-E5CB1F8BDDD3}.Release|iPhone.Build.0 = Release|Any CPU
		{5249DB76-4BD5-4094-B6CA-E5CB1F8BDDD3}.Release|iPhoneSimulator.ActiveCfg = Release|Any CPU
		{5249DB76-4BD5-4094-B6CA-E5CB1F8BDDD3}.Release|iPhoneSimulator.Build.0 = Release|Any CPU
		{5249DB76-4BD5-4094-B6CA-E5CB1F8BDDD3}.Release|x64.ActiveCfg = Release|Any CPU
		{5249DB76-4BD5-4094-B6CA-E5CB1F8BDDD3}.Release|x64.Build.0 = Release|Any CPU
		{5249DB76-4BD5-4094-B6CA-E5CB1F8BDDD3}.Release|x86.ActiveCfg = Release|Any CPU
		{5249DB76-4BD5-4094-B6CA-E5CB1F8BDDD3}.Release|x86.Build.0 = Release|Any CPU
		{8E6AF446-E57A-4B86-870C-B0348A399628}.Ad-Hoc|Any CPU.ActiveCfg = Release|Any CPU
		{8E6AF446-E57A-4B86-870C-B0348A399628}.Ad-Hoc|Any CPU.Build.0 = Release|Any CPU
		{8E6AF446-E57A-4B86-870C-B0348A399628}.Ad-Hoc|ARM.ActiveCfg = Release|Any CPU
		{8E6AF446-E57A-4B86-870C-B0348A399628}.Ad-Hoc|ARM.Build.0 = Release|Any CPU
		{8E6AF446-E57A-4B86-870C-B0348A399628}.Ad-Hoc|iPhone.ActiveCfg = Release|Any CPU
		{8E6AF446-E57A-4B86-870C-B0348A399628}.Ad-Hoc|iPhone.Build.0 = Release|Any CPU
		{8E6AF446-E57A-4B86-870C-B0348A399628}.Ad-Hoc|iPhoneSimulator.ActiveCfg = Release|Any CPU
		{8E6AF446-E57A-4B86-870C-B0348A399628}.Ad-Hoc|iPhoneSimulator.Build.0 = Release|Any CPU
		{8E6AF446-E57A-4B86-870C-B0348A399628}.Ad-Hoc|x64.ActiveCfg = Release|Any CPU
		{8E6AF446-E57A-4B86-870C-B0348A399628}.Ad-Hoc|x64.Build.0 = Release|Any CPU
		{8E6AF446-E57A-4B86-870C-B0348A399628}.Ad-Hoc|x86.ActiveCfg = Release|Any CPU
		{8E6AF446-E57A-4B86-870C-B0348A399628}.Ad-Hoc|x86.Build.0 = Release|Any CPU
		{8E6AF446-E57A-4B86-870C-B0348A399628}.AppStore|Any CPU.ActiveCfg = Release|Any CPU
		{8E6AF446-E57A-4B86-870C-B0348A399628}.AppStore|Any CPU.Build.0 = Release|Any CPU
		{8E6AF446-E57A-4B86-870C-B0348A399628}.AppStore|ARM.ActiveCfg = Release|Any CPU
		{8E6AF446-E57A-4B86-870C-B0348A399628}.AppStore|ARM.Build.0 = Release|Any CPU
		{8E6AF446-E57A-4B86-870C-B0348A399628}.AppStore|iPhone.ActiveCfg = Release|Any CPU
		{8E6AF446-E57A-4B86-870C-B0348A399628}.AppStore|iPhone.Build.0 = Release|Any CPU
		{8E6AF446-E57A-4B86-870C-B0348A399628}.AppStore|iPhoneSimulator.ActiveCfg = Release|Any CPU
		{8E6AF446-E57A-4B86-870C-B0348A399628}.AppStore|iPhoneSimulator.Build.0 = Release|Any CPU
		{8E6AF446-E57A-4B86-870C-B0348A399628}.AppStore|x64.ActiveCfg = Release|Any CPU
		{8E6AF446-E57A-4B86-870C-B0348A399628}.AppStore|x64.Build.0 = Release|Any CPU
		{8E6AF446-E57A-4B86-870C-B0348A399628}.AppStore|x86.ActiveCfg = Release|Any CPU
		{8E6AF446-E57A-4B86-870C-B0348A399628}.AppStore|x86.Build.0 = Release|Any CPU
		{8E6AF446-E57A-4B86-870C-B0348A399628}.Debug|Any CPU.ActiveCfg = Debug|Any CPU
		{8E6AF446-E57A-4B86-870C-B0348A399628}.Debug|Any CPU.Build.0 = Debug|Any CPU
		{8E6AF446-E57A-4B86-870C-B0348A399628}.Debug|ARM.ActiveCfg = Debug|Any CPU
		{8E6AF446-E57A-4B86-870C-B0348A399628}.Debug|ARM.Build.0 = Debug|Any CPU
		{8E6AF446-E57A-4B86-870C-B0348A399628}.Debug|iPhone.ActiveCfg = Debug|Any CPU
		{8E6AF446-E57A-4B86-870C-B0348A399628}.Debug|iPhone.Build.0 = Debug|Any CPU
		{8E6AF446-E57A-4B86-870C-B0348A399628}.Debug|iPhoneSimulator.ActiveCfg = Debug|Any CPU
		{8E6AF446-E57A-4B86-870C-B0348A399628}.Debug|iPhoneSimulator.Build.0 = Debug|Any CPU
		{8E6AF446-E57A-4B86-870C-B0348A399628}.Debug|x64.ActiveCfg = Debug|Any CPU
		{8E6AF446-E57A-4B86-870C-B0348A399628}.Debug|x64.Build.0 = Debug|Any CPU
		{8E6AF446-E57A-4B86-870C-B0348A399628}.Debug|x86.ActiveCfg = Debug|Any CPU
		{8E6AF446-E57A-4B86-870C-B0348A399628}.Debug|x86.Build.0 = Debug|Any CPU
		{8E6AF446-E57A-4B86-870C-B0348A399628}.Release|Any CPU.ActiveCfg = Release|Any CPU
		{8E6AF446-E57A-4B86-870C-B0348A399628}.Release|Any CPU.Build.0 = Release|Any CPU
		{8E6AF446-E57A-4B86-870C-B0348A399628}.Release|ARM.ActiveCfg = Release|Any CPU
		{8E6AF446-E57A-4B86-870C-B0348A399628}.Release|ARM.Build.0 = Release|Any CPU
		{8E6AF446-E57A-4B86-870C-B0348A399628}.Release|iPhone.ActiveCfg = Release|Any CPU
		{8E6AF446-E57A-4B86-870C-B0348A399628}.Release|iPhone.Build.0 = Release|Any CPU
		{8E6AF446-E57A-4B86-870C-B0348A399628}.Release|iPhoneSimulator.ActiveCfg = Release|Any CPU
		{8E6AF446-E57A-4B86-870C-B0348A399628}.Release|iPhoneSimulator.Build.0 = Release|Any CPU
		{8E6AF446-E57A-4B86-870C-B0348A399628}.Release|x64.ActiveCfg = Release|Any CPU
		{8E6AF446-E57A-4B86-870C-B0348A399628}.Release|x64.Build.0 = Release|Any CPU
		{8E6AF446-E57A-4B86-870C-B0348A399628}.Release|x86.ActiveCfg = Release|Any CPU
		{8E6AF446-E57A-4B86-870C-B0348A399628}.Release|x86.Build.0 = Release|Any CPU
		{1753FCFC-9620-4821-9B8D-92AEFB017DF9}.Ad-Hoc|Any CPU.ActiveCfg = Release|Any CPU
		{1753FCFC-9620-4821-9B8D-92AEFB017DF9}.Ad-Hoc|Any CPU.Build.0 = Release|Any CPU
		{1753FCFC-9620-4821-9B8D-92AEFB017DF9}.Ad-Hoc|ARM.ActiveCfg = Release|Any CPU
		{1753FCFC-9620-4821-9B8D-92AEFB017DF9}.Ad-Hoc|ARM.Build.0 = Release|Any CPU
		{1753FCFC-9620-4821-9B8D-92AEFB017DF9}.Ad-Hoc|iPhone.ActiveCfg = Release|Any CPU
		{1753FCFC-9620-4821-9B8D-92AEFB017DF9}.Ad-Hoc|iPhone.Build.0 = Release|Any CPU
		{1753FCFC-9620-4821-9B8D-92AEFB017DF9}.Ad-Hoc|iPhoneSimulator.ActiveCfg = Release|Any CPU
		{1753FCFC-9620-4821-9B8D-92AEFB017DF9}.Ad-Hoc|iPhoneSimulator.Build.0 = Release|Any CPU
		{1753FCFC-9620-4821-9B8D-92AEFB017DF9}.Ad-Hoc|x64.ActiveCfg = Release|Any CPU
		{1753FCFC-9620-4821-9B8D-92AEFB017DF9}.Ad-Hoc|x64.Build.0 = Release|Any CPU
		{1753FCFC-9620-4821-9B8D-92AEFB017DF9}.Ad-Hoc|x86.ActiveCfg = Release|Any CPU
		{1753FCFC-9620-4821-9B8D-92AEFB017DF9}.Ad-Hoc|x86.Build.0 = Release|Any CPU
		{1753FCFC-9620-4821-9B8D-92AEFB017DF9}.AppStore|Any CPU.ActiveCfg = Release|Any CPU
		{1753FCFC-9620-4821-9B8D-92AEFB017DF9}.AppStore|Any CPU.Build.0 = Release|Any CPU
		{1753FCFC-9620-4821-9B8D-92AEFB017DF9}.AppStore|ARM.ActiveCfg = Release|Any CPU
		{1753FCFC-9620-4821-9B8D-92AEFB017DF9}.AppStore|ARM.Build.0 = Release|Any CPU
		{1753FCFC-9620-4821-9B8D-92AEFB017DF9}.AppStore|iPhone.ActiveCfg = Release|Any CPU
		{1753FCFC-9620-4821-9B8D-92AEFB017DF9}.AppStore|iPhone.Build.0 = Release|Any CPU
		{1753FCFC-9620-4821-9B8D-92AEFB017DF9}.AppStore|iPhoneSimulator.ActiveCfg = Release|Any CPU
		{1753FCFC-9620-4821-9B8D-92AEFB017DF9}.AppStore|iPhoneSimulator.Build.0 = Release|Any CPU
		{1753FCFC-9620-4821-9B8D-92AEFB017DF9}.AppStore|x64.ActiveCfg = Release|Any CPU
		{1753FCFC-9620-4821-9B8D-92AEFB017DF9}.AppStore|x64.Build.0 = Release|Any CPU
		{1753FCFC-9620-4821-9B8D-92AEFB017DF9}.AppStore|x86.ActiveCfg = Release|Any CPU
		{1753FCFC-9620-4821-9B8D-92AEFB017DF9}.AppStore|x86.Build.0 = Release|Any CPU
		{1753FCFC-9620-4821-9B8D-92AEFB017DF9}.Debug|Any CPU.ActiveCfg = Debug|Any CPU
		{1753FCFC-9620-4821-9B8D-92AEFB017DF9}.Debug|Any CPU.Build.0 = Debug|Any CPU
		{1753FCFC-9620-4821-9B8D-92AEFB017DF9}.Debug|ARM.ActiveCfg = Debug|Any CPU
		{1753FCFC-9620-4821-9B8D-92AEFB017DF9}.Debug|ARM.Build.0 = Debug|Any CPU
		{1753FCFC-9620-4821-9B8D-92AEFB017DF9}.Debug|iPhone.ActiveCfg = Debug|Any CPU
		{1753FCFC-9620-4821-9B8D-92AEFB017DF9}.Debug|iPhone.Build.0 = Debug|Any CPU
		{1753FCFC-9620-4821-9B8D-92AEFB017DF9}.Debug|iPhoneSimulator.ActiveCfg = Debug|Any CPU
		{1753FCFC-9620-4821-9B8D-92AEFB017DF9}.Debug|iPhoneSimulator.Build.0 = Debug|Any CPU
		{1753FCFC-9620-4821-9B8D-92AEFB017DF9}.Debug|x64.ActiveCfg = Debug|Any CPU
		{1753FCFC-9620-4821-9B8D-92AEFB017DF9}.Debug|x64.Build.0 = Debug|Any CPU
		{1753FCFC-9620-4821-9B8D-92AEFB017DF9}.Debug|x86.ActiveCfg = Debug|Any CPU
		{1753FCFC-9620-4821-9B8D-92AEFB017DF9}.Debug|x86.Build.0 = Debug|Any CPU
		{1753FCFC-9620-4821-9B8D-92AEFB017DF9}.Release|Any CPU.ActiveCfg = Release|Any CPU
		{1753FCFC-9620-4821-9B8D-92AEFB017DF9}.Release|Any CPU.Build.0 = Release|Any CPU
		{1753FCFC-9620-4821-9B8D-92AEFB017DF9}.Release|ARM.ActiveCfg = Release|Any CPU
		{1753FCFC-9620-4821-9B8D-92AEFB017DF9}.Release|ARM.Build.0 = Release|Any CPU
		{1753FCFC-9620-4821-9B8D-92AEFB017DF9}.Release|iPhone.ActiveCfg = Release|Any CPU
		{1753FCFC-9620-4821-9B8D-92AEFB017DF9}.Release|iPhone.Build.0 = Release|Any CPU
		{1753FCFC-9620-4821-9B8D-92AEFB017DF9}.Release|iPhoneSimulator.ActiveCfg = Release|Any CPU
		{1753FCFC-9620-4821-9B8D-92AEFB017DF9}.Release|iPhoneSimulator.Build.0 = Release|Any CPU
		{1753FCFC-9620-4821-9B8D-92AEFB017DF9}.Release|x64.ActiveCfg = Release|Any CPU
		{1753FCFC-9620-4821-9B8D-92AEFB017DF9}.Release|x64.Build.0 = Release|Any CPU
		{1753FCFC-9620-4821-9B8D-92AEFB017DF9}.Release|x86.ActiveCfg = Release|Any CPU
		{1753FCFC-9620-4821-9B8D-92AEFB017DF9}.Release|x86.Build.0 = Release|Any CPU
		{39EEF067-7EB5-446B-A93A-9CD47C53B413}.Ad-Hoc|Any CPU.ActiveCfg = Release|Any CPU
		{39EEF067-7EB5-446B-A93A-9CD47C53B413}.Ad-Hoc|Any CPU.Build.0 = Release|Any CPU
		{39EEF067-7EB5-446B-A93A-9CD47C53B413}.Ad-Hoc|ARM.ActiveCfg = Release|ARM
		{39EEF067-7EB5-446B-A93A-9CD47C53B413}.Ad-Hoc|ARM.Build.0 = Release|ARM
		{39EEF067-7EB5-446B-A93A-9CD47C53B413}.Ad-Hoc|iPhone.ActiveCfg = Release|Any CPU
		{39EEF067-7EB5-446B-A93A-9CD47C53B413}.Ad-Hoc|iPhone.Build.0 = Release|Any CPU
		{39EEF067-7EB5-446B-A93A-9CD47C53B413}.Ad-Hoc|iPhoneSimulator.ActiveCfg = Release|Any CPU
		{39EEF067-7EB5-446B-A93A-9CD47C53B413}.Ad-Hoc|iPhoneSimulator.Build.0 = Release|Any CPU
		{39EEF067-7EB5-446B-A93A-9CD47C53B413}.Ad-Hoc|x64.ActiveCfg = Release|x64
		{39EEF067-7EB5-446B-A93A-9CD47C53B413}.Ad-Hoc|x64.Build.0 = Release|x64
		{39EEF067-7EB5-446B-A93A-9CD47C53B413}.Ad-Hoc|x86.ActiveCfg = Release|x86
		{39EEF067-7EB5-446B-A93A-9CD47C53B413}.Ad-Hoc|x86.Build.0 = Release|x86
		{39EEF067-7EB5-446B-A93A-9CD47C53B413}.AppStore|Any CPU.ActiveCfg = Release|Any CPU
		{39EEF067-7EB5-446B-A93A-9CD47C53B413}.AppStore|Any CPU.Build.0 = Release|Any CPU
		{39EEF067-7EB5-446B-A93A-9CD47C53B413}.AppStore|ARM.ActiveCfg = Release|ARM
		{39EEF067-7EB5-446B-A93A-9CD47C53B413}.AppStore|ARM.Build.0 = Release|ARM
		{39EEF067-7EB5-446B-A93A-9CD47C53B413}.AppStore|iPhone.ActiveCfg = Release|Any CPU
		{39EEF067-7EB5-446B-A93A-9CD47C53B413}.AppStore|iPhone.Build.0 = Release|Any CPU
		{39EEF067-7EB5-446B-A93A-9CD47C53B413}.AppStore|iPhoneSimulator.ActiveCfg = Release|Any CPU
		{39EEF067-7EB5-446B-A93A-9CD47C53B413}.AppStore|iPhoneSimulator.Build.0 = Release|Any CPU
		{39EEF067-7EB5-446B-A93A-9CD47C53B413}.AppStore|x64.ActiveCfg = Release|x64
		{39EEF067-7EB5-446B-A93A-9CD47C53B413}.AppStore|x64.Build.0 = Release|x64
		{39EEF067-7EB5-446B-A93A-9CD47C53B413}.AppStore|x86.ActiveCfg = Release|x86
		{39EEF067-7EB5-446B-A93A-9CD47C53B413}.AppStore|x86.Build.0 = Release|x86
		{39EEF067-7EB5-446B-A93A-9CD47C53B413}.Debug|Any CPU.ActiveCfg = Debug|Any CPU
		{39EEF067-7EB5-446B-A93A-9CD47C53B413}.Debug|Any CPU.Build.0 = Debug|Any CPU
		{39EEF067-7EB5-446B-A93A-9CD47C53B413}.Debug|ARM.ActiveCfg = Debug|ARM
		{39EEF067-7EB5-446B-A93A-9CD47C53B413}.Debug|ARM.Build.0 = Debug|ARM
		{39EEF067-7EB5-446B-A93A-9CD47C53B413}.Debug|iPhone.ActiveCfg = Debug|Any CPU
		{39EEF067-7EB5-446B-A93A-9CD47C53B413}.Debug|iPhone.Build.0 = Debug|Any CPU
		{39EEF067-7EB5-446B-A93A-9CD47C53B413}.Debug|iPhoneSimulator.ActiveCfg = Debug|Any CPU
		{39EEF067-7EB5-446B-A93A-9CD47C53B413}.Debug|iPhoneSimulator.Build.0 = Debug|Any CPU
		{39EEF067-7EB5-446B-A93A-9CD47C53B413}.Debug|x64.ActiveCfg = Debug|x64
		{39EEF067-7EB5-446B-A93A-9CD47C53B413}.Debug|x64.Build.0 = Debug|x64
		{39EEF067-7EB5-446B-A93A-9CD47C53B413}.Debug|x86.ActiveCfg = Debug|x86
		{39EEF067-7EB5-446B-A93A-9CD47C53B413}.Debug|x86.Build.0 = Debug|x86
		{39EEF067-7EB5-446B-A93A-9CD47C53B413}.Release|Any CPU.ActiveCfg = Release|Any CPU
		{39EEF067-7EB5-446B-A93A-9CD47C53B413}.Release|Any CPU.Build.0 = Release|Any CPU
		{39EEF067-7EB5-446B-A93A-9CD47C53B413}.Release|ARM.ActiveCfg = Release|ARM
		{39EEF067-7EB5-446B-A93A-9CD47C53B413}.Release|ARM.Build.0 = Release|ARM
		{39EEF067-7EB5-446B-A93A-9CD47C53B413}.Release|iPhone.ActiveCfg = Release|Any CPU
		{39EEF067-7EB5-446B-A93A-9CD47C53B413}.Release|iPhone.Build.0 = Release|Any CPU
		{39EEF067-7EB5-446B-A93A-9CD47C53B413}.Release|iPhoneSimulator.ActiveCfg = Release|Any CPU
		{39EEF067-7EB5-446B-A93A-9CD47C53B413}.Release|iPhoneSimulator.Build.0 = Release|Any CPU
		{39EEF067-7EB5-446B-A93A-9CD47C53B413}.Release|x64.ActiveCfg = Release|x64
		{39EEF067-7EB5-446B-A93A-9CD47C53B413}.Release|x64.Build.0 = Release|x64
		{39EEF067-7EB5-446B-A93A-9CD47C53B413}.Release|x86.ActiveCfg = Release|x86
		{39EEF067-7EB5-446B-A93A-9CD47C53B413}.Release|x86.Build.0 = Release|x86
	EndGlobalSection
	GlobalSection(SolutionProperties) = preSolution
		HideSolutionNode = FALSE
	EndGlobalSection
EndGlobal
